
Microsoft Visual Studio Solution File, Format Version 12.00
# Visual Studio 15
VisualStudioVersion = 15.0.28306.52
MinimumVisualStudioVersion = 10.0.40219.1
Project("{FAE04EC0-301F-11D3-BF4B-00C04F79EFBC}") = "PixelBot", "PixelBot\PixelBot.csproj", "{DD5BF095-E0D8-4285-8AE4-15ACB1F97EFE}"
EndProject
Global
	GlobalSection(SolutionConfigurationPlatforms) = preSolution
		Debug|Any CPU = Debug|Any CPU
		Release|Any CPU = Release|Any CPU
	EndGlobalSection
	GlobalSection(ProjectConfigurationPlatforms) = postSolution
		{DD5BF095-E0D8-4285-8AE4-15ACB1F97EFE}.Debug|Any CPU.ActiveCfg = Debug|Any CPU
		{DD5BF095-E0D8-4285-8AE4-15ACB1F97EFE}.Debug|Any CPU.Build.0 = Debug|Any CPU
		{DD5BF095-E0D8-4285-8AE4-15ACB1F97EFE}.Release|Any CPU.ActiveCfg = Release|Any CPU
		{DD5BF095-E0D8-4285-8AE4-15ACB1F97EFE}.Release|Any CPU.Build.0 = Release|Any CPU
	EndGlobalSection
	GlobalSection(SolutionProperties) = preSolution
		HideSolutionNode = FALSE
	EndGlobalSection
	GlobalSection(ExtensibilityGlobals) = postSolution
		SolutionGuid = {ABEBAC06-7AB3-4683-BBE2-3AD5F09ED3E7}
	EndGlobalSection
EndGlobal
